
Microsoft Visual Studio Solution File, Format Version 12.00
# Visual Studio Version 16
VisualStudioVersion = 16.0.29926.136
MinimumVisualStudioVersion = 10.0.40219.1
Project("{FAE04EC0-301F-11D3-BF4B-00C04F79EFBC}") = "Easynvest.Api", "Easynvest.Api\Easynvest.Api.csproj", "{D6EB8E17-5D94-407B-9870-48C9C04D689C}"
EndProject
Global
	GlobalSection(SolutionConfigurationPlatforms) = preSolution
		Debug|Any CPU = Debug|Any CPU
		Release|Any CPU = Release|Any CPU
	EndGlobalSection
	GlobalSection(ProjectConfigurationPlatforms) = postSolution
		{D6EB8E17-5D94-407B-9870-48C9C04D689C}.Debug|Any CPU.ActiveCfg = Debug|Any CPU
		{D6EB8E17-5D94-407B-9870-48C9C04D689C}.Debug|Any CPU.Build.0 = Debug|Any CPU
		{D6EB8E17-5D94-407B-9870-48C9C04D689C}.Release|Any CPU.ActiveCfg = Release|Any CPU
		{D6EB8E17-5D94-407B-9870-48C9C04D689C}.Release|Any CPU.Build.0 = Release|Any CPU
	EndGlobalSection
	GlobalSection(SolutionProperties) = preSolution
		HideSolutionNode = FALSE
	EndGlobalSection
	GlobalSection(ExtensibilityGlobals) = postSolution
		SolutionGuid = {FB240E25-C0F4-4D3D-8539-62A781833F74}
	EndGlobalSection
EndGlobal
